
Microsoft Visual Studio Solution File, Format Version 12.00
# Visual Studio Version 17
VisualStudioVersion = 17.5.002.0
MinimumVisualStudioVersion = 10.0.40219.1
Project("{9A19103F-16F7-4668-BE54-9A1E7A4F7556}") = "test-migration", "test-migration.csproj", "{26D455E5-FD64-40F0-B2D6-C44E58AEA2CE}"
EndProject
Global
	GlobalSection(SolutionConfigurationPlatforms) = preSolution
		Debug|Any CPU = Debug|Any CPU
		Release|Any CPU = Release|Any CPU
	EndGlobalSection
	GlobalSection(ProjectConfigurationPlatforms) = postSolution
		{26D455E5-FD64-40F0-B2D6-C44E58AEA2CE}.Debug|Any CPU.ActiveCfg = Debug|Any CPU
		{26D455E5-FD64-40F0-B2D6-C44E58AEA2CE}.Debug|Any CPU.Build.0 = Debug|Any CPU
		{26D455E5-FD64-40F0-B2D6-C44E58AEA2CE}.Release|Any CPU.ActiveCfg = Release|Any CPU
		{26D455E5-FD64-40F0-B2D6-C44E58AEA2CE}.Release|Any CPU.Build.0 = Release|Any CPU
	EndGlobalSection
	GlobalSection(SolutionProperties) = preSolution
		HideSolutionNode = FALSE
	EndGlobalSection
	GlobalSection(ExtensibilityGlobals) = postSolution
		SolutionGuid = {DE0FE11F-281C-473C-85D3-B8B8F41023F0}
	EndGlobalSection
EndGlobal
